
Microsoft Visual Studio Solution File, Format Version 12.00
# Visual Studio Version 17
VisualStudioVersion = 17.7.34003.232
MinimumVisualStudioVersion = 10.0.40219.1
Project("{FAE04EC0-301F-11D3-BF4B-00C04F79EFBC}") = "Interfaces_BarnettLandon", "Interfaces_BarnettLandon\Interfaces_BarnettLandon.csproj", "{189566FA-6E80-48DC-AC62-DFB61EEAD075}"
EndProject
Global
	GlobalSection(SolutionConfigurationPlatforms) = preSolution
		Debug|Any CPU = Debug|Any CPU
		Release|Any CPU = Release|Any CPU
	EndGlobalSection
	GlobalSection(ProjectConfigurationPlatforms) = postSolution
		{189566FA-6E80-48DC-AC62-DFB61EEAD075}.Debug|Any CPU.ActiveCfg = Debug|Any CPU
		{189566FA-6E80-48DC-AC62-DFB61EEAD075}.Debug|Any CPU.Build.0 = Debug|Any CPU
		{189566FA-6E80-48DC-AC62-DFB61EEAD075}.Release|Any CPU.ActiveCfg = Release|Any CPU
		{189566FA-6E80-48DC-AC62-DFB61EEAD075}.Release|Any CPU.Build.0 = Release|Any CPU
	EndGlobalSection
	GlobalSection(SolutionProperties) = preSolution
		HideSolutionNode = FALSE
	EndGlobalSection
	GlobalSection(ExtensibilityGlobals) = postSolution
		SolutionGuid = {2ABF26C7-3F1C-498C-99D2-278C6AFE7DCD}
	EndGlobalSection
EndGlobal
